
Microsoft Visual Studio Solution File, Format Version 12.00
# Visual Studio Version 17
VisualStudioVersion = 17.6.33801.468
MinimumVisualStudioVersion = 10.0.40219.1
Project("{FAE04EC0-301F-11D3-BF4B-00C04F79EFBC}") = "DepartmentAndEmployeeManagementModule", "DepartmentAndEmployeeManagementModule\DepartmentAndEmployeeManagementModule.csproj", "{C459E892-1221-407E-B67B-E0F6530378DF}"
EndProject
Project("{FAE04EC0-301F-11D3-BF4B-00C04F79EFBC}") = "Application", "Application\Application.csproj", "{1B340A65-519D-408D-B6C6-4F37E84B1DD5}"
EndProject
Project("{FAE04EC0-301F-11D3-BF4B-00C04F79EFBC}") = "Infrastructure", "Infrastructure\Infrastructure.csproj", "{D570B0D6-07DE-49A3-B6F0-6FAC075705D1}"
EndProject
Project("{FAE04EC0-301F-11D3-BF4B-00C04F79EFBC}") = "Domain", "Domain\Domain.csproj", "{65507B16-3A63-4CEC-AA10-0B728AD49955}"
EndProject
Global
	GlobalSection(SolutionConfigurationPlatforms) = preSolution
		Debug|Any CPU = Debug|Any CPU
		Release|Any CPU = Release|Any CPU
	EndGlobalSection
	GlobalSection(ProjectConfigurationPlatforms) = postSolution
		{C459E892-1221-407E-B67B-E0F6530378DF}.Debug|Any CPU.ActiveCfg = Debug|Any CPU
		{C459E892-1221-407E-B67B-E0F6530378DF}.Debug|Any CPU.Build.0 = Debug|Any CPU
		{C459E892-1221-407E-B67B-E0F6530378DF}.Release|Any CPU.ActiveCfg = Release|Any CPU
		{C459E892-1221-407E-B67B-E0F6530378DF}.Release|Any CPU.Build.0 = Release|Any CPU
		{1B340A65-519D-408D-B6C6-4F37E84B1DD5}.Debug|Any CPU.ActiveCfg = Debug|Any CPU
		{1B340A65-519D-408D-B6C6-4F37E84B1DD5}.Debug|Any CPU.Build.0 = Debug|Any CPU
		{1B340A65-519D-408D-B6C6-4F37E84B1DD5}.Release|Any CPU.ActiveCfg = Release|Any CPU
		{1B340A65-519D-408D-B6C6-4F37E84B1DD5}.Release|Any CPU.Build.0 = Release|Any CPU
		{D570B0D6-07DE-49A3-B6F0-6FAC075705D1}.Debug|Any CPU.ActiveCfg = Debug|Any CPU
		{D570B0D6-07DE-49A3-B6F0-6FAC075705D1}.Debug|Any CPU.Build.0 = Debug|Any CPU
		{D570B0D6-07DE-49A3-B6F0-6FAC075705D1}.Release|Any CPU.ActiveCfg = Release|Any CPU
		{D570B0D6-07DE-49A3-B6F0-6FAC075705D1}.Release|Any CPU.Build.0 = Release|Any CPU
		{65507B16-3A63-4CEC-AA10-0B728AD49955}.Debug|Any CPU.ActiveCfg = Debug|Any CPU
		{65507B16-3A63-4CEC-AA10-0B728AD49955}.Debug|Any CPU.Build.0 = Debug|Any CPU
		{65507B16-3A63-4CEC-AA10-0B728AD49955}.Release|Any CPU.ActiveCfg = Release|Any CPU
		{65507B16-3A63-4CEC-AA10-0B728AD49955}.Release|Any CPU.Build.0 = Release|Any CPU
	EndGlobalSection
	GlobalSection(SolutionProperties) = preSolution
		HideSolutionNode = FALSE
	EndGlobalSection
	GlobalSection(ExtensibilityGlobals) = postSolution
		SolutionGuid = {5DA5BF4D-746A-4DD4-8EE4-DED7D018EC89}
	EndGlobalSection
EndGlobal
